// !$*UTF8*$!
{
	archiveVersion = 1;
	classes = {
	};
	objectVersion = 46;
	objects = {

/* Begin PBXBuildFile section */
		03B94AAC18A415CA00FC3E1E /* MTRoundWinnerViewController.m in Sources */ = {isa = PBXBuildFile; fileRef = 03B94AAB18A415CA00FC3E1E /* MTRoundWinnerViewController.m */; };
		03B94AB018A4234B00FC3E1E /* MTSentenceUtils.m in Sources */ = {isa = PBXBuildFile; fileRef = 03B94AAF18A4234B00FC3E1E /* MTSentenceUtils.m */; };
		03F32B3818A2DF5500C7129F /* MTSocketWrapper.m in Sources */ = {isa = PBXBuildFile; fileRef = 03F32B3718A2DF5500C7129F /* MTSocketWrapper.m */; };
		03F32B3B18A2E64700C7129F /* MTUserJoinViewController.m in Sources */ = {isa = PBXBuildFile; fileRef = 03F32B3A18A2E64700C7129F /* MTUserJoinViewController.m */; };
		03F32B3E18A2E65600C7129F /* MTWaitingForPlayersViewController.m in Sources */ = {isa = PBXBuildFile; fileRef = 03F32B3D18A2E65600C7129F /* MTWaitingForPlayersViewController.m */; };
		03F32B4218A2F0EE00C7129F /* MTCardViewContainer.m in Sources */ = {isa = PBXBuildFile; fileRef = 03F32B4118A2F0EE00C7129F /* MTCardViewContainer.m */; };
		03F32B4618A2F12000C7129F /* MTCard.m in Sources */ = {isa = PBXBuildFile; fileRef = 03F32B4518A2F12000C7129F /* MTCard.m */; };
		03F32B4918A2F1C700C7129F /* MTCardView.m in Sources */ = {isa = PBXBuildFile; fileRef = 03F32B4818A2F1C700C7129F /* MTCardView.m */; };
		03F32B4C18A2F39F00C7129F /* MTPlayerChooseCardViewController.m in Sources */ = {isa = PBXBuildFile; fileRef = 03F32B4B18A2F39F00C7129F /* MTPlayerChooseCardViewController.m */; };
		03F32B4F18A3486000C7129F /* MTJudgeViewController.m in Sources */ = {isa = PBXBuildFile; fileRef = 03F32B4E18A3486000C7129F /* MTJudgeViewController.m */; };
		03F32B5718A3E13A00C7129F /* alphonsotag_48x48@2x.png in Resources */ = {isa = PBXBuildFile; fileRef = 03F32B5118A3E13A00C7129F /* alphonsotag_48x48@2x.png */; };
		03F32B5818A3E13A00C7129F /* appiconmadtags.png in Resources */ = {isa = PBXBuildFile; fileRef = 03F32B5218A3E13A00C7129F /* appiconmadtags.png */; };
		03F32B5918A3E13A00C7129F /* gracenotetag_48x48@2x.png in Resources */ = {isa = PBXBuildFile; fileRef = 03F32B5318A3E13A00C7129F /* gracenotetag_48x48@2x.png */; };
		03F32B5A18A3E13A00C7129F /* logomadtags_222x186@2x.png in Resources */ = {isa = PBXBuildFile; fileRef = 03F32B5418A3E13A00C7129F /* logomadtags_222x186@2x.png */; };
		03F32B5B18A3E13A00C7129F /* logomadtags_60x50@2x.png in Resources */ = {isa = PBXBuildFile; fileRef = 03F32B5518A3E13A00C7129F /* logomadtags_60x50@2x.png */; };
		03F32B5C18A3E13A00C7129F /* zeeboxtag_48x48@2x.png in Resources */ = {isa = PBXBuildFile; fileRef = 03F32B5618A3E13A00C7129F /* zeeboxtag_48x48@2x.png */; };
		D22D000918A2C98800FBE7A3 /* CFNetwork.framework in Frameworks */ = {isa = PBXBuildFile; fileRef = D22D000818A2C98800FBE7A3 /* CFNetwork.framework */; };
		D22D000B18A2C99000FBE7A3 /* libicucore.dylib in Frameworks */ = {isa = PBXBuildFile; fileRef = D22D000A18A2C99000FBE7A3 /* libicucore.dylib */; };
		D22D000D18A2C99900FBE7A3 /* Security.framework in Frameworks */ = {isa = PBXBuildFile; fileRef = D22D000C18A2C99900FBE7A3 /* Security.framework */; };
		D22D001A18A2CBA200FBE7A3 /* SocketIO.m in Sources */ = {isa = PBXBuildFile; fileRef = D22D001018A2CBA200FBE7A3 /* SocketIO.m */; };
		D22D001B18A2CBA200FBE7A3 /* SocketIOJSONSerialization.m in Sources */ = {isa = PBXBuildFile; fileRef = D22D001218A2CBA200FBE7A3 /* SocketIOJSONSerialization.m */; };
		D22D001C18A2CBA200FBE7A3 /* SocketIOPacket.m in Sources */ = {isa = PBXBuildFile; fileRef = D22D001418A2CBA200FBE7A3 /* SocketIOPacket.m */; };
		D22D001D18A2CBA200FBE7A3 /* SocketIOTransportWebsocket.m in Sources */ = {isa = PBXBuildFile; fileRef = D22D001718A2CBA200FBE7A3 /* SocketIOTransportWebsocket.m */; };
		D22D001E18A2CBA200FBE7A3 /* SocketIOTransportXHR.m in Sources */ = {isa = PBXBuildFile; fileRef = D22D001918A2CBA200FBE7A3 /* SocketIOTransportXHR.m */; };
		D22D002118A2DCCD00FBE7A3 /* asapi.framework in Frameworks */ = {isa = PBXBuildFile; fileRef = D22D002018A2DCCD00FBE7A3 /* asapi.framework */; };
		D22D002818A2E3BB00FBE7A3 /* AudioToolbox.framework in Frameworks */ = {isa = PBXBuildFile; fileRef = D22D002718A2E3BB00FBE7A3 /* AudioToolbox.framework */; };
		D22D002A18A2E3D800FBE7A3 /* CoreLocation.framework in Frameworks */ = {isa = PBXBuildFile; fileRef = D22D002918A2E3D800FBE7A3 /* CoreLocation.framework */; };
		D22D002C18A2E3F700FBE7A3 /* CoreAudio.framework in Frameworks */ = {isa = PBXBuildFile; fileRef = D22D002B18A2E3F700FBE7A3 /* CoreAudio.framework */; };
		D22D002E18A2E40200FBE7A3 /* AVFoundation.framework in Frameworks */ = {isa = PBXBuildFile; fileRef = D22D002D18A2E40200FBE7A3 /* AVFoundation.framework */; };
		D22D003018A2E4A000FBE7A3 /* Accelerate.framework in Frameworks */ = {isa = PBXBuildFile; fileRef = D22D002F18A2E4A000FBE7A3 /* Accelerate.framework */; };
		D22D003218A2E4B500FBE7A3 /* AdSupport.framework in Frameworks */ = {isa = PBXBuildFile; fileRef = D22D003118A2E4B500FBE7A3 /* AdSupport.framework */; };
		D22D009318A2FC1000FBE7A3 /* MTGracenoteEntourage.m in Sources */ = {isa = PBXBuildFile; fileRef = D22D009218A2FC1000FBE7A3 /* MTGracenoteEntourage.m */; };
		D22D009518A2FD2B00FBE7A3 /* GracenoteACR.framework in Frameworks */ = {isa = PBXBuildFile; fileRef = D22D009418A2FD2B00FBE7A3 /* GracenoteACR.framework */; };
		D22D009818A3DD4300FBE7A3 /* MTTaggers.m in Sources */ = {isa = PBXBuildFile; fileRef = D22D009718A3DD4300FBE7A3 /* MTTaggers.m */; };
		D2791CA818A2A2DF0043A465 /* Foundation.framework in Frameworks */ = {isa = PBXBuildFile; fileRef = D2791CA718A2A2DF0043A465 /* Foundation.framework */; };
		D2791CAA18A2A2DF0043A465 /* CoreGraphics.framework in Frameworks */ = {isa = PBXBuildFile; fileRef = D2791CA918A2A2DF0043A465 /* CoreGraphics.framework */; };
		D2791CAC18A2A2DF0043A465 /* UIKit.framework in Frameworks */ = {isa = PBXBuildFile; fileRef = D2791CAB18A2A2DF0043A465 /* UIKit.framework */; };
		D2791CB218A2A2DF0043A465 /* InfoPlist.strings in Resources */ = {isa = PBXBuildFile; fileRef = D2791CB018A2A2DF0043A465 /* InfoPlist.strings */; };
		D2791CB418A2A2DF0043A465 /* main.m in Sources */ = {isa = PBXBuildFile; fileRef = D2791CB318A2A2DF0043A465 /* main.m */; };
		D2791CB818A2A2DF0043A465 /* MTAppDelegate.m in Sources */ = {isa = PBXBuildFile; fileRef = D2791CB718A2A2DF0043A465 /* MTAppDelegate.m */; };
		D2791CBB18A2A2DF0043A465 /* Main.storyboard in Resources */ = {isa = PBXBuildFile; fileRef = D2791CB918A2A2DF0043A465 /* Main.storyboard */; };
		D2791CC018A2A2DF0043A465 /* Images.xcassets in Resources */ = {isa = PBXBuildFile; fileRef = D2791CBF18A2A2DF0043A465 /* Images.xcassets */; };
		D2791CC718A2A2DF0043A465 /* XCTest.framework in Frameworks */ = {isa = PBXBuildFile; fileRef = D2791CC618A2A2DF0043A465 /* XCTest.framework */; };
		D2791CC818A2A2DF0043A465 /* Foundation.framework in Frameworks */ = {isa = PBXBuildFile; fileRef = D2791CA718A2A2DF0043A465 /* Foundation.framework */; };
		D2791CC918A2A2DF0043A465 /* UIKit.framework in Frameworks */ = {isa = PBXBuildFile; fileRef = D2791CAB18A2A2DF0043A465 /* UIKit.framework */; };
		D2791CD118A2A2DF0043A465 /* InfoPlist.strings in Resources */ = {isa = PBXBuildFile; fileRef = D2791CCF18A2A2DF0043A465 /* InfoPlist.strings */; };
		D2791CD318A2A2DF0043A465 /* MadTagsTests.m in Sources */ = {isa = PBXBuildFile; fileRef = D2791CD218A2A2DF0043A465 /* MadTagsTests.m */; };
		D2791CE718A2A4AF0043A465 /* base64.c in Sources */ = {isa = PBXBuildFile; fileRef = D2791CDD18A2A4AF0043A465 /* base64.c */; };
		D2791CE818A2A4AF0043A465 /* NSData+SRB64Additions.m in Sources */ = {isa = PBXBuildFile; fileRef = D2791CE018A2A4AF0043A465 /* NSData+SRB64Additions.m */; };
		D2791CE918A2A4AF0043A465 /* SRWebSocket.m in Sources */ = {isa = PBXBuildFile; fileRef = D2791CE318A2A4AF0043A465 /* SRWebSocket.m */; };
		D2791CEA18A2A4AF0043A465 /* MTViewController.m in Sources */ = {isa = PBXBuildFile; fileRef = D2791CE618A2A4AF0043A465 /* MTViewController.m */; };
		D2A38D8818A422A8006DC2FE /* MTTaggerSimulator.m in Sources */ = {isa = PBXBuildFile; fileRef = D2A38D8718A422A8006DC2FE /* MTTaggerSimulator.m */; };
		D2A38D8918A42A5D006DC2FE /* MTAlphonso.m in Sources */ = {isa = PBXBuildFile; fileRef = D22D002518A2E04D00FBE7A3 /* MTAlphonso.m */; };
/* End PBXBuildFile section */

/* Begin PBXContainerItemProxy section */
		D2791CCA18A2A2DF0043A465 /* PBXContainerItemProxy */ = {
			isa = PBXContainerItemProxy;
			containerPortal = D2791C9C18A2A2DF0043A465 /* Project object */;
			proxyType = 1;
			remoteGlobalIDString = D2791CA318A2A2DF0043A465;
			remoteInfo = MadTags;
		};
/* End PBXContainerItemProxy section */

/* Begin PBXFileReference section */
		03B94AAA18A415CA00FC3E1E /* MTRoundWinnerViewController.h */ = {isa = PBXFileReference; fileEncoding = 4; lastKnownFileType = sourcecode.c.h; path = MTRoundWinnerViewController.h; sourceTree = "<group>"; };
		03B94AAB18A415CA00FC3E1E /* MTRoundWinnerViewController.m */ = {isa = PBXFileReference; fileEncoding = 4; lastKnownFileType = sourcecode.c.objc; path = MTRoundWinnerViewController.m; sourceTree = "<group>"; };
		03B94AAE18A4234B00FC3E1E /* MTSentenceUtils.h */ = {isa = PBXFileReference; fileEncoding = 4; lastKnownFileType = sourcecode.c.h; path = MTSentenceUtils.h; sourceTree = "<group>"; };
		03B94AAF18A4234B00FC3E1E /* MTSentenceUtils.m */ = {isa = PBXFileReference; fileEncoding = 4; lastKnownFileType = sourcecode.c.objc; path = MTSentenceUtils.m; sourceTree = "<group>"; };
		03F32B3618A2DF5500C7129F /* MTSocketWrapper.h */ = {isa = PBXFileReference; fileEncoding = 4; lastKnownFileType = sourcecode.c.h; path = MTSocketWrapper.h; sourceTree = "<group>"; };
		03F32B3718A2DF5500C7129F /* MTSocketWrapper.m */ = {isa = PBXFileReference; fileEncoding = 4; lastKnownFileType = sourcecode.c.objc; path = MTSocketWrapper.m; sourceTree = "<group>"; };
		03F32B3918A2E64700C7129F /* MTUserJoinViewController.h */ = {isa = PBXFileReference; fileEncoding = 4; lastKnownFileType = sourcecode.c.h; path = MTUserJoinViewController.h; sourceTree = "<group>"; };
		03F32B3A18A2E64700C7129F /* MTUserJoinViewController.m */ = {isa = PBXFileReference; fileEncoding = 4; lastKnownFileType = sourcecode.c.objc; path = MTUserJoinViewController.m; sourceTree = "<group>"; };
		03F32B3C18A2E65600C7129F /* MTWaitingForPlayersViewController.h */ = {isa = PBXFileReference; fileEncoding = 4; lastKnownFileType = sourcecode.c.h; path = MTWaitingForPlayersViewController.h; sourceTree = "<group>"; };
		03F32B3D18A2E65600C7129F /* MTWaitingForPlayersViewController.m */ = {isa = PBXFileReference; fileEncoding = 4; lastKnownFileType = sourcecode.c.objc; path = MTWaitingForPlayersViewController.m; sourceTree = "<group>"; };
		03F32B4018A2F0EE00C7129F /* MTCardViewContainer.h */ = {isa = PBXFileReference; fileEncoding = 4; lastKnownFileType = sourcecode.c.h; path = MTCardViewContainer.h; sourceTree = "<group>"; };
		03F32B4118A2F0EE00C7129F /* MTCardViewContainer.m */ = {isa = PBXFileReference; fileEncoding = 4; lastKnownFileType = sourcecode.c.objc; path = MTCardViewContainer.m; sourceTree = "<group>"; };
		03F32B4418A2F12000C7129F /* MTCard.h */ = {isa = PBXFileReference; fileEncoding = 4; lastKnownFileType = sourcecode.c.h; path = MTCard.h; sourceTree = "<group>"; };
		03F32B4518A2F12000C7129F /* MTCard.m */ = {isa = PBXFileReference; fileEncoding = 4; lastKnownFileType = sourcecode.c.objc; path = MTCard.m; sourceTree = "<group>"; };
		03F32B4718A2F1C700C7129F /* MTCardView.h */ = {isa = PBXFileReference; fileEncoding = 4; lastKnownFileType = sourcecode.c.h; path = MTCardView.h; sourceTree = "<group>"; };
		03F32B4818A2F1C700C7129F /* MTCardView.m */ = {isa = PBXFileReference; fileEncoding = 4; lastKnownFileType = sourcecode.c.objc; path = MTCardView.m; sourceTree = "<group>"; };
		03F32B4A18A2F39F00C7129F /* MTPlayerChooseCardViewController.h */ = {isa = PBXFileReference; fileEncoding = 4; lastKnownFileType = sourcecode.c.h; path = MTPlayerChooseCardViewController.h; sourceTree = "<group>"; };
		03F32B4B18A2F39F00C7129F /* MTPlayerChooseCardViewController.m */ = {isa = PBXFileReference; fileEncoding = 4; lastKnownFileType = sourcecode.c.objc; path = MTPlayerChooseCardViewController.m; sourceTree = "<group>"; };
		03F32B4D18A3486000C7129F /* MTJudgeViewController.h */ = {isa = PBXFileReference; fileEncoding = 4; lastKnownFileType = sourcecode.c.h; path = MTJudgeViewController.h; sourceTree = "<group>"; };
		03F32B4E18A3486000C7129F /* MTJudgeViewController.m */ = {isa = PBXFileReference; fileEncoding = 4; lastKnownFileType = sourcecode.c.objc; path = MTJudgeViewController.m; sourceTree = "<group>"; };
		03F32B5118A3E13A00C7129F /* alphonsotag_48x48@2x.png */ = {isa = PBXFileReference; lastKnownFileType = image.png; path = "alphonsotag_48x48@2x.png"; sourceTree = "<group>"; };
		03F32B5218A3E13A00C7129F /* appiconmadtags.png */ = {isa = PBXFileReference; lastKnownFileType = image.png; path = appiconmadtags.png; sourceTree = "<group>"; };
		03F32B5318A3E13A00C7129F /* gracenotetag_48x48@2x.png */ = {isa = PBXFileReference; lastKnownFileType = image.png; path = "gracenotetag_48x48@2x.png"; sourceTree = "<group>"; };
		03F32B5418A3E13A00C7129F /* logomadtags_222x186@2x.png */ = {isa = PBXFileReference; lastKnownFileType = image.png; path = "logomadtags_222x186@2x.png"; sourceTree = "<group>"; };
		03F32B5518A3E13A00C7129F /* logomadtags_60x50@2x.png */ = {isa = PBXFileReference; lastKnownFileType = image.png; path = "logomadtags_60x50@2x.png"; sourceTree = "<group>"; };
		03F32B5618A3E13A00C7129F /* zeeboxtag_48x48@2x.png */ = {isa = PBXFileReference; lastKnownFileType = image.png; path = "zeeboxtag_48x48@2x.png"; sourceTree = "<group>"; };
		D22D000818A2C98800FBE7A3 /* CFNetwork.framework */ = {isa = PBXFileReference; lastKnownFileType = wrapper.framework; name = CFNetwork.framework; path = System/Library/Frameworks/CFNetwork.framework; sourceTree = SDKROOT; };
		D22D000A18A2C99000FBE7A3 /* libicucore.dylib */ = {isa = PBXFileReference; lastKnownFileType = "compiled.mach-o.dylib"; name = libicucore.dylib; path = usr/lib/libicucore.dylib; sourceTree = SDKROOT; };
		D22D000C18A2C99900FBE7A3 /* Security.framework */ = {isa = PBXFileReference; lastKnownFileType = wrapper.framework; name = Security.framework; path = System/Library/Frameworks/Security.framework; sourceTree = SDKROOT; };
		D22D000F18A2CBA200FBE7A3 /* SocketIO.h */ = {isa = PBXFileReference; fileEncoding = 4; lastKnownFileType = sourcecode.c.h; path = SocketIO.h; sourceTree = "<group>"; };
		D22D001018A2CBA200FBE7A3 /* SocketIO.m */ = {isa = PBXFileReference; fileEncoding = 4; lastKnownFileType = sourcecode.c.objc; path = SocketIO.m; sourceTree = "<group>"; };
		D22D001118A2CBA200FBE7A3 /* SocketIOJSONSerialization.h */ = {isa = PBXFileReference; fileEncoding = 4; lastKnownFileType = sourcecode.c.h; path = SocketIOJSONSerialization.h; sourceTree = "<group>"; };
		D22D001218A2CBA200FBE7A3 /* SocketIOJSONSerialization.m */ = {isa = PBXFileReference; fileEncoding = 4; lastKnownFileType = sourcecode.c.objc; path = SocketIOJSONSerialization.m; sourceTree = "<group>"; };
		D22D001318A2CBA200FBE7A3 /* SocketIOPacket.h */ = {isa = PBXFileReference; fileEncoding = 4; lastKnownFileType = sourcecode.c.h; path = SocketIOPacket.h; sourceTree = "<group>"; };
		D22D001418A2CBA200FBE7A3 /* SocketIOPacket.m */ = {isa = PBXFileReference; fileEncoding = 4; lastKnownFileType = sourcecode.c.objc; path = SocketIOPacket.m; sourceTree = "<group>"; };
		D22D001518A2CBA200FBE7A3 /* SocketIOTransport.h */ = {isa = PBXFileReference; fileEncoding = 4; lastKnownFileType = sourcecode.c.h; path = SocketIOTransport.h; sourceTree = "<group>"; };
		D22D001618A2CBA200FBE7A3 /* SocketIOTransportWebsocket.h */ = {isa = PBXFileReference; fileEncoding = 4; lastKnownFileType = sourcecode.c.h; path = SocketIOTransportWebsocket.h; sourceTree = "<group>"; };
		D22D001718A2CBA200FBE7A3 /* SocketIOTransportWebsocket.m */ = {isa = PBXFileReference; fileEncoding = 4; lastKnownFileType = sourcecode.c.objc; path = SocketIOTransportWebsocket.m; sourceTree = "<group>"; };
		D22D001818A2CBA200FBE7A3 /* SocketIOTransportXHR.h */ = {isa = PBXFileReference; fileEncoding = 4; lastKnownFileType = sourcecode.c.h; path = SocketIOTransportXHR.h; sourceTree = "<group>"; };
		D22D001918A2CBA200FBE7A3 /* SocketIOTransportXHR.m */ = {isa = PBXFileReference; fileEncoding = 4; lastKnownFileType = sourcecode.c.objc; path = SocketIOTransportXHR.m; sourceTree = "<group>"; };
		D22D002018A2DCCD00FBE7A3 /* asapi.framework */ = {isa = PBXFileReference; lastKnownFileType = wrapper.framework; path = asapi.framework; sourceTree = "<group>"; };
		D22D002418A2E04D00FBE7A3 /* MTAlphonso.h */ = {isa = PBXFileReference; fileEncoding = 4; lastKnownFileType = sourcecode.c.h; path = MTAlphonso.h; sourceTree = "<group>"; };
		D22D002518A2E04D00FBE7A3 /* MTAlphonso.m */ = {isa = PBXFileReference; fileEncoding = 4; lastKnownFileType = sourcecode.c.objc; path = MTAlphonso.m; sourceTree = "<group>"; };
		D22D002718A2E3BB00FBE7A3 /* AudioToolbox.framework */ = {isa = PBXFileReference; lastKnownFileType = wrapper.framework; name = AudioToolbox.framework; path = System/Library/Frameworks/AudioToolbox.framework; sourceTree = SDKROOT; };
		D22D002918A2E3D800FBE7A3 /* CoreLocation.framework */ = {isa = PBXFileReference; lastKnownFileType = wrapper.framework; name = CoreLocation.framework; path = System/Library/Frameworks/CoreLocation.framework; sourceTree = SDKROOT; };
		D22D002B18A2E3F700FBE7A3 /* CoreAudio.framework */ = {isa = PBXFileReference; lastKnownFileType = wrapper.framework; name = CoreAudio.framework; path = System/Library/Frameworks/CoreAudio.framework; sourceTree = SDKROOT; };
		D22D002D18A2E40200FBE7A3 /* AVFoundation.framework */ = {isa = PBXFileReference; lastKnownFileType = wrapper.framework; name = AVFoundation.framework; path = System/Library/Frameworks/AVFoundation.framework; sourceTree = SDKROOT; };
		D22D002F18A2E4A000FBE7A3 /* Accelerate.framework */ = {isa = PBXFileReference; lastKnownFileType = wrapper.framework; name = Accelerate.framework; path = System/Library/Frameworks/Accelerate.framework; sourceTree = SDKROOT; };
		D22D003118A2E4B500FBE7A3 /* AdSupport.framework */ = {isa = PBXFileReference; lastKnownFileType = wrapper.framework; name = AdSupport.framework; path = System/Library/Frameworks/AdSupport.framework; sourceTree = SDKROOT; };
		D22D009118A2FC1000FBE7A3 /* MTGracenoteEntourage.h */ = {isa = PBXFileReference; fileEncoding = 4; lastKnownFileType = sourcecode.c.h; path = MTGracenoteEntourage.h; sourceTree = "<group>"; };
		D22D009218A2FC1000FBE7A3 /* MTGracenoteEntourage.m */ = {isa = PBXFileReference; fileEncoding = 4; lastKnownFileType = sourcecode.c.objc; path = MTGracenoteEntourage.m; sourceTree = "<group>"; };
		D22D009418A2FD2B00FBE7A3 /* GracenoteACR.framework */ = {isa = PBXFileReference; lastKnownFileType = wrapper.framework; path = GracenoteACR.framework; sourceTree = "<group>"; };
		D22D009618A3DD4300FBE7A3 /* MTTaggers.h */ = {isa = PBXFileReference; fileEncoding = 4; lastKnownFileType = sourcecode.c.h; path = MTTaggers.h; sourceTree = "<group>"; };
		D22D009718A3DD4300FBE7A3 /* MTTaggers.m */ = {isa = PBXFileReference; fileEncoding = 4; lastKnownFileType = sourcecode.c.objc; path = MTTaggers.m; sourceTree = "<group>"; };
		D2791CA418A2A2DF0043A465 /* MadTags.app */ = {isa = PBXFileReference; explicitFileType = wrapper.application; includeInIndex = 0; path = MadTags.app; sourceTree = BUILT_PRODUCTS_DIR; };
		D2791CA718A2A2DF0043A465 /* Foundation.framework */ = {isa = PBXFileReference; lastKnownFileType = wrapper.framework; name = Foundation.framework; path = System/Library/Frameworks/Foundation.framework; sourceTree = SDKROOT; };
		D2791CA918A2A2DF0043A465 /* CoreGraphics.framework */ = {isa = PBXFileReference; lastKnownFileType = wrapper.framework; name = CoreGraphics.framework; path = System/Library/Frameworks/CoreGraphics.framework; sourceTree = SDKROOT; };
		D2791CAB18A2A2DF0043A465 /* UIKit.framework */ = {isa = PBXFileReference; lastKnownFileType = wrapper.framework; name = UIKit.framework; path = System/Library/Frameworks/UIKit.framework; sourceTree = SDKROOT; };
		D2791CAF18A2A2DF0043A465 /* MadTags-Info.plist */ = {isa = PBXFileReference; lastKnownFileType = text.plist.xml; path = "MadTags-Info.plist"; sourceTree = "<group>"; };
		D2791CB118A2A2DF0043A465 /* en */ = {isa = PBXFileReference; lastKnownFileType = text.plist.strings; name = en; path = en.lproj/InfoPlist.strings; sourceTree = "<group>"; };
		D2791CB318A2A2DF0043A465 /* main.m */ = {isa = PBXFileReference; lastKnownFileType = sourcecode.c.objc; path = main.m; sourceTree = "<group>"; };
		D2791CB518A2A2DF0043A465 /* MadTags-Prefix.pch */ = {isa = PBXFileReference; lastKnownFileType = sourcecode.c.h; path = "MadTags-Prefix.pch"; sourceTree = "<group>"; };
		D2791CB618A2A2DF0043A465 /* MTAppDelegate.h */ = {isa = PBXFileReference; lastKnownFileType = sourcecode.c.h; path = MTAppDelegate.h; sourceTree = "<group>"; };
		D2791CB718A2A2DF0043A465 /* MTAppDelegate.m */ = {isa = PBXFileReference; lastKnownFileType = sourcecode.c.objc; path = MTAppDelegate.m; sourceTree = "<group>"; };
		D2791CBA18A2A2DF0043A465 /* Base */ = {isa = PBXFileReference; lastKnownFileType = file.storyboard; name = Base; path = Base.lproj/Main.storyboard; sourceTree = "<group>"; };
		D2791CBF18A2A2DF0043A465 /* Images.xcassets */ = {isa = PBXFileReference; lastKnownFileType = folder.assetcatalog; path = Images.xcassets; sourceTree = "<group>"; };
		D2791CC518A2A2DF0043A465 /* MadTagsTests.xctest */ = {isa = PBXFileReference; explicitFileType = wrapper.cfbundle; includeInIndex = 0; path = MadTagsTests.xctest; sourceTree = BUILT_PRODUCTS_DIR; };
		D2791CC618A2A2DF0043A465 /* XCTest.framework */ = {isa = PBXFileReference; lastKnownFileType = wrapper.framework; name = XCTest.framework; path = Library/Frameworks/XCTest.framework; sourceTree = DEVELOPER_DIR; };
		D2791CCE18A2A2DF0043A465 /* MadTagsTests-Info.plist */ = {isa = PBXFileReference; lastKnownFileType = text.plist.xml; path = "MadTagsTests-Info.plist"; sourceTree = "<group>"; };
		D2791CD018A2A2DF0043A465 /* en */ = {isa = PBXFileReference; lastKnownFileType = text.plist.strings; name = en; path = en.lproj/InfoPlist.strings; sourceTree = "<group>"; };
		D2791CD218A2A2DF0043A465 /* MadTagsTests.m */ = {isa = PBXFileReference; lastKnownFileType = sourcecode.c.objc; path = MadTagsTests.m; sourceTree = "<group>"; };
		D2791CDD18A2A4AF0043A465 /* base64.c */ = {isa = PBXFileReference; fileEncoding = 4; lastKnownFileType = sourcecode.c.c; path = base64.c; sourceTree = "<group>"; };
		D2791CDE18A2A4AF0043A465 /* base64.h */ = {isa = PBXFileReference; fileEncoding = 4; lastKnownFileType = sourcecode.c.h; path = base64.h; sourceTree = "<group>"; };
		D2791CDF18A2A4AF0043A465 /* NSData+SRB64Additions.h */ = {isa = PBXFileReference; fileEncoding = 4; lastKnownFileType = sourcecode.c.h; path = "NSData+SRB64Additions.h"; sourceTree = "<group>"; };
		D2791CE018A2A4AF0043A465 /* NSData+SRB64Additions.m */ = {isa = PBXFileReference; fileEncoding = 4; lastKnownFileType = sourcecode.c.objc; path = "NSData+SRB64Additions.m"; sourceTree = "<group>"; };
		D2791CE118A2A4AF0043A465 /* SocketRocket-Prefix.pch */ = {isa = PBXFileReference; fileEncoding = 4; lastKnownFileType = sourcecode.c.h; path = "SocketRocket-Prefix.pch"; sourceTree = "<group>"; };
		D2791CE218A2A4AF0043A465 /* SRWebSocket.h */ = {isa = PBXFileReference; fileEncoding = 4; lastKnownFileType = sourcecode.c.h; path = SRWebSocket.h; sourceTree = "<group>"; };
		D2791CE318A2A4AF0043A465 /* SRWebSocket.m */ = {isa = PBXFileReference; fileEncoding = 4; lastKnownFileType = sourcecode.c.objc; path = SRWebSocket.m; sourceTree = "<group>"; };
		D2791CE518A2A4AF0043A465 /* MTViewController.h */ = {isa = PBXFileReference; fileEncoding = 4; lastKnownFileType = sourcecode.c.h; path = MTViewController.h; sourceTree = "<group>"; };
		D2791CE618A2A4AF0043A465 /* MTViewController.m */ = {isa = PBXFileReference; fileEncoding = 4; lastKnownFileType = sourcecode.c.objc; path = MTViewController.m; sourceTree = "<group>"; };
		D2791CEB18A2A8790043A465 /* MTTestViewController.h */ = {isa = PBXFileReference; fileEncoding = 4; lastKnownFileType = sourcecode.c.h; path = MTTestViewController.h; sourceTree = "<group>"; };
		D2791CEC18A2A8790043A465 /* MTTestViewController.m */ = {isa = PBXFileReference; fileEncoding = 4; lastKnownFileType = sourcecode.c.objc; path = MTTestViewController.m; sourceTree = "<group>"; };
		D2A38D8618A422A8006DC2FE /* MTTaggerSimulator.h */ = {isa = PBXFileReference; fileEncoding = 4; lastKnownFileType = sourcecode.c.h; path = MTTaggerSimulator.h; sourceTree = "<group>"; };
		D2A38D8718A422A8006DC2FE /* MTTaggerSimulator.m */ = {isa = PBXFileReference; fileEncoding = 4; lastKnownFileType = sourcecode.c.objc; path = MTTaggerSimulator.m; sourceTree = "<group>"; };
/* End PBXFileReference section */

/* Begin PBXFrameworksBuildPhase section */
		D2791CA118A2A2DF0043A465 /* Frameworks */ = {
			isa = PBXFrameworksBuildPhase;
			buildActionMask = 2147483647;
			files = (
				D22D009518A2FD2B00FBE7A3 /* GracenoteACR.framework in Frameworks */,
				D22D003218A2E4B500FBE7A3 /* AdSupport.framework in Frameworks */,
				D22D003018A2E4A000FBE7A3 /* Accelerate.framework in Frameworks */,
				D22D002E18A2E40200FBE7A3 /* AVFoundation.framework in Frameworks */,
				D22D002C18A2E3F700FBE7A3 /* CoreAudio.framework in Frameworks */,
				D22D002A18A2E3D800FBE7A3 /* CoreLocation.framework in Frameworks */,
				D22D002818A2E3BB00FBE7A3 /* AudioToolbox.framework in Frameworks */,
				D22D002118A2DCCD00FBE7A3 /* asapi.framework in Frameworks */,
				D22D000D18A2C99900FBE7A3 /* Security.framework in Frameworks */,
				D22D000B18A2C99000FBE7A3 /* libicucore.dylib in Frameworks */,
				D22D000918A2C98800FBE7A3 /* CFNetwork.framework in Frameworks */,
				D2791CAA18A2A2DF0043A465 /* CoreGraphics.framework in Frameworks */,
				D2791CAC18A2A2DF0043A465 /* UIKit.framework in Frameworks */,
				D2791CA818A2A2DF0043A465 /* Foundation.framework in Frameworks */,
			);
			runOnlyForDeploymentPostprocessing = 0;
		};
		D2791CC218A2A2DF0043A465 /* Frameworks */ = {
			isa = PBXFrameworksBuildPhase;
			buildActionMask = 2147483647;
			files = (
				D2791CC718A2A2DF0043A465 /* XCTest.framework in Frameworks */,
				D2791CC918A2A2DF0043A465 /* UIKit.framework in Frameworks */,
				D2791CC818A2A2DF0043A465 /* Foundation.framework in Frameworks */,
			);
			runOnlyForDeploymentPostprocessing = 0;
		};
/* End PBXFrameworksBuildPhase section */

/* Begin PBXGroup section */
		03B94AAD18A422EC00FC3E1E /* utils */ = {
			isa = PBXGroup;
			children = (
				03B94AAE18A4234B00FC3E1E /* MTSentenceUtils.h */,
				03B94AAF18A4234B00FC3E1E /* MTSentenceUtils.m */,
			);
			path = utils;
			sourceTree = "<group>";
		};
		03F32B3F18A2F0B500C7129F /* Views */ = {
			isa = PBXGroup;
			children = (
				03F32B4018A2F0EE00C7129F /* MTCardViewContainer.h */,
				03F32B4118A2F0EE00C7129F /* MTCardViewContainer.m */,
				03F32B4718A2F1C700C7129F /* MTCardView.h */,
				03F32B4818A2F1C700C7129F /* MTCardView.m */,
			);
			path = Views;
			sourceTree = "<group>";
		};
		03F32B4318A2F10000C7129F /* Models */ = {
			isa = PBXGroup;
			children = (
				03F32B4418A2F12000C7129F /* MTCard.h */,
				03F32B4518A2F12000C7129F /* MTCard.m */,
			);
			path = Models;
			sourceTree = "<group>";
		};
		03F32B5018A3E13A00C7129F /* images */ = {
			isa = PBXGroup;
			children = (
				03F32B5118A3E13A00C7129F /* alphonsotag_48x48@2x.png */,
				03F32B5218A3E13A00C7129F /* appiconmadtags.png */,
				03F32B5318A3E13A00C7129F /* gracenotetag_48x48@2x.png */,
				03F32B5418A3E13A00C7129F /* logomadtags_222x186@2x.png */,
				03F32B5518A3E13A00C7129F /* logomadtags_60x50@2x.png */,
				03F32B5618A3E13A00C7129F /* zeeboxtag_48x48@2x.png */,
			);
			path = images;
			sourceTree = "<group>";
		};
		D22D000E18A2CB5500FBE7A3 /* Socket.IO */ = {
			isa = PBXGroup;
			children = (
				D22D000F18A2CBA200FBE7A3 /* SocketIO.h */,
				D22D001018A2CBA200FBE7A3 /* SocketIO.m */,
				D22D001118A2CBA200FBE7A3 /* SocketIOJSONSerialization.h */,
				D22D001218A2CBA200FBE7A3 /* SocketIOJSONSerialization.m */,
				D22D001318A2CBA200FBE7A3 /* SocketIOPacket.h */,
				D22D001418A2CBA200FBE7A3 /* SocketIOPacket.m */,
				D22D001518A2CBA200FBE7A3 /* SocketIOTransport.h */,
				D22D001618A2CBA200FBE7A3 /* SocketIOTransportWebsocket.h */,
				D22D001718A2CBA200FBE7A3 /* SocketIOTransportWebsocket.m */,
				D22D001818A2CBA200FBE7A3 /* SocketIOTransportXHR.h */,
				D22D001918A2CBA200FBE7A3 /* SocketIOTransportXHR.m */,
			);
			path = Socket.IO;
			sourceTree = "<group>";
		};
		D22D002218A2DFBC00FBE7A3 /* Taggers */ = {
			isa = PBXGroup;
			children = (
				D22D009618A3DD4300FBE7A3 /* MTTaggers.h */,
				D22D009718A3DD4300FBE7A3 /* MTTaggers.m */,
				D2A38D8518A42276006DC2FE /* Simulator */,
				D22D009018A2FBCE00FBE7A3 /* Gracenote */,
				D22D002318A2E02200FBE7A3 /* Alphonso */,
			);
			path = Taggers;
			sourceTree = "<group>";
		};
		D22D002318A2E02200FBE7A3 /* Alphonso */ = {
			isa = PBXGroup;
			children = (
				D22D002418A2E04D00FBE7A3 /* MTAlphonso.h */,
				D22D002518A2E04D00FBE7A3 /* MTAlphonso.m */,
			);
			path = Alphonso;
			sourceTree = "<group>";
		};
		D22D009018A2FBCE00FBE7A3 /* Gracenote */ = {
			isa = PBXGroup;
			children = (
				D22D009118A2FC1000FBE7A3 /* MTGracenoteEntourage.h */,
				D22D009218A2FC1000FBE7A3 /* MTGracenoteEntourage.m */,
			);
			path = Gracenote;
			sourceTree = "<group>";
		};
		D2791C9B18A2A2DF0043A465 = {
			isa = PBXGroup;
			children = (
				D2791CAD18A2A2DF0043A465 /* MadTags */,
				D2791CCC18A2A2DF0043A465 /* MadTagsTests */,
				D2791CA618A2A2DF0043A465 /* Frameworks */,
				D2791CA518A2A2DF0043A465 /* Products */,
			);
			sourceTree = "<group>";
		};
		D2791CA518A2A2DF0043A465 /* Products */ = {
			isa = PBXGroup;
			children = (
				D2791CA418A2A2DF0043A465 /* MadTags.app */,
				D2791CC518A2A2DF0043A465 /* MadTagsTests.xctest */,
			);
			name = Products;
			sourceTree = "<group>";
		};
		D2791CA618A2A2DF0043A465 /* Frameworks */ = {
			isa = PBXGroup;
			children = (
				D22D009418A2FD2B00FBE7A3 /* GracenoteACR.framework */,
				D22D003118A2E4B500FBE7A3 /* AdSupport.framework */,
				D22D002F18A2E4A000FBE7A3 /* Accelerate.framework */,
				D22D002D18A2E40200FBE7A3 /* AVFoundation.framework */,
				D22D002B18A2E3F700FBE7A3 /* CoreAudio.framework */,
				D22D002918A2E3D800FBE7A3 /* CoreLocation.framework */,
				D22D002718A2E3BB00FBE7A3 /* AudioToolbox.framework */,
				D22D002018A2DCCD00FBE7A3 /* asapi.framework */,
				D22D000C18A2C99900FBE7A3 /* Security.framework */,
				D22D000A18A2C99000FBE7A3 /* libicucore.dylib */,
				D22D000818A2C98800FBE7A3 /* CFNetwork.framework */,
				D2791CA718A2A2DF0043A465 /* Foundation.framework */,
				D2791CA918A2A2DF0043A465 /* CoreGraphics.framework */,
				D2791CAB18A2A2DF0043A465 /* UIKit.framework */,
				D2791CC618A2A2DF0043A465 /* XCTest.framework */,
			);
			name = Frameworks;
			sourceTree = "<group>";
		};
		D2791CAD18A2A2DF0043A465 /* MadTags */ = {
			isa = PBXGroup;
			children = (
				03B94AAD18A422EC00FC3E1E /* utils */,
				03F32B5018A3E13A00C7129F /* images */,
				D22D002218A2DFBC00FBE7A3 /* Taggers */,
				D2791CB918A2A2DF0043A465 /* Main.storyboard */,
				03F32B4318A2F10000C7129F /* Models */,
				03F32B3F18A2F0B500C7129F /* Views */,
				03F32B3618A2DF5500C7129F /* MTSocketWrapper.h */,
				03F32B3718A2DF5500C7129F /* MTSocketWrapper.m */,
				D22D000E18A2CB5500FBE7A3 /* Socket.IO */,
				D2791CEE18A2B88B0043A465 /* GameEngine */,
				D2791CDC18A2A4AF0043A465 /* SocketRocket */,
				D2791CE418A2A4AF0043A465 /* ViewControllers */,
				D2791CB618A2A2DF0043A465 /* MTAppDelegate.h */,
				D2791CB718A2A2DF0043A465 /* MTAppDelegate.m */,
				D2791CBF18A2A2DF0043A465 /* Images.xcassets */,
				D2791CAE18A2A2DF0043A465 /* Supporting Files */,
			);
			path = MadTags;
			sourceTree = "<group>";
		};
		D2791CAE18A2A2DF0043A465 /* Supporting Files */ = {
			isa = PBXGroup;
			children = (
				D2791CAF18A2A2DF0043A465 /* MadTags-Info.plist */,
				D2791CB018A2A2DF0043A465 /* InfoPlist.strings */,
				D2791CB318A2A2DF0043A465 /* main.m */,
				D2791CB518A2A2DF0043A465 /* MadTags-Prefix.pch */,
			);
			name = "Supporting Files";
			sourceTree = "<group>";
		};
		D2791CCC18A2A2DF0043A465 /* MadTagsTests */ = {
			isa = PBXGroup;
			children = (
				D2791CD218A2A2DF0043A465 /* MadTagsTests.m */,
				D2791CCD18A2A2DF0043A465 /* Supporting Files */,
			);
			path = MadTagsTests;
			sourceTree = "<group>";
		};
		D2791CCD18A2A2DF0043A465 /* Supporting Files */ = {
			isa = PBXGroup;
			children = (
				D2791CCE18A2A2DF0043A465 /* MadTagsTests-Info.plist */,
				D2791CCF18A2A2DF0043A465 /* InfoPlist.strings */,
			);
			name = "Supporting Files";
			sourceTree = "<group>";
		};
		D2791CDC18A2A4AF0043A465 /* SocketRocket */ = {
			isa = PBXGroup;
			children = (
				D2791CDD18A2A4AF0043A465 /* base64.c */,
				D2791CDE18A2A4AF0043A465 /* base64.h */,
				D2791CDF18A2A4AF0043A465 /* NSData+SRB64Additions.h */,
				D2791CE018A2A4AF0043A465 /* NSData+SRB64Additions.m */,
				D2791CE118A2A4AF0043A465 /* SocketRocket-Prefix.pch */,
				D2791CE218A2A4AF0043A465 /* SRWebSocket.h */,
				D2791CE318A2A4AF0043A465 /* SRWebSocket.m */,
			);
			path = SocketRocket;
			sourceTree = "<group>";
		};
		D2791CE418A2A4AF0043A465 /* ViewControllers */ = {
			isa = PBXGroup;
			children = (
				D2791CE518A2A4AF0043A465 /* MTViewController.h */,
				D2791CE618A2A4AF0043A465 /* MTViewController.m */,
				D2791CEB18A2A8790043A465 /* MTTestViewController.h */,
				D2791CEC18A2A8790043A465 /* MTTestViewController.m */,
				03F32B3918A2E64700C7129F /* MTUserJoinViewController.h */,
				03F32B3A18A2E64700C7129F /* MTUserJoinViewController.m */,
				03F32B3C18A2E65600C7129F /* MTWaitingForPlayersViewController.h */,
				03F32B3D18A2E65600C7129F /* MTWaitingForPlayersViewController.m */,
				03F32B4A18A2F39F00C7129F /* MTPlayerChooseCardViewController.h */,
				03F32B4B18A2F39F00C7129F /* MTPlayerChooseCardViewController.m */,
				03F32B4D18A3486000C7129F /* MTJudgeViewController.h */,
				03F32B4E18A3486000C7129F /* MTJudgeViewController.m */,
				03B94AAA18A415CA00FC3E1E /* MTRoundWinnerViewController.h */,
				03B94AAB18A415CA00FC3E1E /* MTRoundWinnerViewController.m */,
			);
			path = ViewControllers;
			sourceTree = "<group>";
		};
		D2791CEE18A2B88B0043A465 /* GameEngine */ = {
			isa = PBXGroup;
			children = (
			);
			path = GameEngine;
			sourceTree = "<group>";
		};
		D2A38D8518A42276006DC2FE /* Simulator */ = {
			isa = PBXGroup;
			children = (
				D2A38D8618A422A8006DC2FE /* MTTaggerSimulator.h */,
				D2A38D8718A422A8006DC2FE /* MTTaggerSimulator.m */,
			);
			path = Simulator;
			sourceTree = "<group>";
		};
/* End PBXGroup section */

/* Begin PBXNativeTarget section */
		D2791CA318A2A2DF0043A465 /* MadTags */ = {
			isa = PBXNativeTarget;
			buildConfigurationList = D2791CD618A2A2DF0043A465 /* Build configuration list for PBXNativeTarget "MadTags" */;
			buildPhases = (
				D2791CA018A2A2DF0043A465 /* Sources */,
				D2791CA118A2A2DF0043A465 /* Frameworks */,
				D2791CA218A2A2DF0043A465 /* Resources */,
			);
			buildRules = (
			);
			dependencies = (
			);
			name = MadTags;
			productName = MadTags;
			productReference = D2791CA418A2A2DF0043A465 /* MadTags.app */;
			productType = "com.apple.product-type.application";
		};
		D2791CC418A2A2DF0043A465 /* MadTagsTests */ = {
			isa = PBXNativeTarget;
			buildConfigurationList = D2791CD918A2A2DF0043A465 /* Build configuration list for PBXNativeTarget "MadTagsTests" */;
			buildPhases = (
				D2791CC118A2A2DF0043A465 /* Sources */,
				D2791CC218A2A2DF0043A465 /* Frameworks */,
				D2791CC318A2A2DF0043A465 /* Resources */,
			);
			buildRules = (
			);
			dependencies = (
				D2791CCB18A2A2DF0043A465 /* PBXTargetDependency */,
			);
			name = MadTagsTests;
			productName = MadTagsTests;
			productReference = D2791CC518A2A2DF0043A465 /* MadTagsTests.xctest */;
			productType = "com.apple.product-type.bundle.unit-test";
		};
/* End PBXNativeTarget section */

/* Begin PBXProject section */
		D2791C9C18A2A2DF0043A465 /* Project object */ = {
			isa = PBXProject;
			attributes = {
				CLASSPREFIX = MT;
				LastUpgradeCheck = 0500;
				ORGANIZATIONNAME = "Scott Eklund";
				TargetAttributes = {
					D2791CC418A2A2DF0043A465 = {
						TestTargetID = D2791CA318A2A2DF0043A465;
					};
				};
			};
			buildConfigurationList = D2791C9F18A2A2DF0043A465 /* Build configuration list for PBXProject "MadTags" */;
			compatibilityVersion = "Xcode 3.2";
			developmentRegion = English;
			hasScannedForEncodings = 0;
			knownRegions = (
				en,
				Base,
			);
			mainGroup = D2791C9B18A2A2DF0043A465;
			productRefGroup = D2791CA518A2A2DF0043A465 /* Products */;
			projectDirPath = "";
			projectRoot = "";
			targets = (
				D2791CA318A2A2DF0043A465 /* MadTags */,
				D2791CC418A2A2DF0043A465 /* MadTagsTests */,
			);
		};
/* End PBXProject section */

/* Begin PBXResourcesBuildPhase section */
		D2791CA218A2A2DF0043A465 /* Resources */ = {
			isa = PBXResourcesBuildPhase;
			buildActionMask = 2147483647;
			files = (
				03F32B5718A3E13A00C7129F /* alphonsotag_48x48@2x.png in Resources */,
				03F32B5B18A3E13A00C7129F /* logomadtags_60x50@2x.png in Resources */,
				03F32B5918A3E13A00C7129F /* gracenotetag_48x48@2x.png in Resources */,
				03F32B5818A3E13A00C7129F /* appiconmadtags.png in Resources */,
				D2791CC018A2A2DF0043A465 /* Images.xcassets in Resources */,
				03F32B5A18A3E13A00C7129F /* logomadtags_222x186@2x.png in Resources */,
				D2791CB218A2A2DF0043A465 /* InfoPlist.strings in Resources */,
				D2791CBB18A2A2DF0043A465 /* Main.storyboard in Resources */,
				03F32B5C18A3E13A00C7129F /* zeeboxtag_48x48@2x.png in Resources */,
			);
			runOnlyForDeploymentPostprocessing = 0;
		};
		D2791CC318A2A2DF0043A465 /* Resources */ = {
			isa = PBXResourcesBuildPhase;
			buildActionMask = 2147483647;
			files = (
				D2791CD118A2A2DF0043A465 /* InfoPlist.strings in Resources */,
			);
			runOnlyForDeploymentPostprocessing = 0;
		};
/* End PBXResourcesBuildPhase section */

/* Begin PBXSourcesBuildPhase section */
		D2791CA018A2A2DF0043A465 /* Sources */ = {
			isa = PBXSourcesBuildPhase;
			buildActionMask = 2147483647;
			files = (
				D2791CE818A2A4AF0043A465 /* NSData+SRB64Additions.m in Sources */,
				D2791CEA18A2A4AF0043A465 /* MTViewController.m in Sources */,
				03F32B4F18A3486000C7129F /* MTJudgeViewController.m in Sources */,
				D22D001C18A2CBA200FBE7A3 /* SocketIOPacket.m in Sources */,
				D22D009318A2FC1000FBE7A3 /* MTGracenoteEntourage.m in Sources */,
				D2791CB418A2A2DF0043A465 /* main.m in Sources */,
				D22D001E18A2CBA200FBE7A3 /* SocketIOTransportXHR.m in Sources */,
				03F32B4618A2F12000C7129F /* MTCard.m in Sources */,
				03F32B3B18A2E64700C7129F /* MTUserJoinViewController.m in Sources */,
				D2791CE918A2A4AF0043A465 /* SRWebSocket.m in Sources */,
				D2791CE718A2A4AF0043A465 /* base64.c in Sources */,
				03F32B4218A2F0EE00C7129F /* MTCardViewContainer.m in Sources */,
				03F32B4C18A2F39F00C7129F /* MTPlayerChooseCardViewController.m in Sources */,
				D2A38D8818A422A8006DC2FE /* MTTaggerSimulator.m in Sources */,
				D22D001D18A2CBA200FBE7A3 /* SocketIOTransportWebsocket.m in Sources */,
				D22D001A18A2CBA200FBE7A3 /* SocketIO.m in Sources */,
				03F32B3E18A2E65600C7129F /* MTWaitingForPlayersViewController.m in Sources */,
				D2791CB818A2A2DF0043A465 /* MTAppDelegate.m in Sources */,
				D22D001B18A2CBA200FBE7A3 /* SocketIOJSONSerialization.m in Sources */,
				03F32B3818A2DF5500C7129F /* MTSocketWrapper.m in Sources */,
				D2A38D8918A42A5D006DC2FE /* MTAlphonso.m in Sources */,
				03F32B4918A2F1C700C7129F /* MTCardView.m in Sources */,
				D22D009818A3DD4300FBE7A3 /* MTTaggers.m in Sources */,
				03B94AB018A4234B00FC3E1E /* MTSentenceUtils.m in Sources */,
				03B94AAC18A415CA00FC3E1E /* MTRoundWinnerViewController.m in Sources */,
			);
			runOnlyForDeploymentPostprocessing = 0;
		};
		D2791CC118A2A2DF0043A465 /* Sources */ = {
			isa = PBXSourcesBuildPhase;
			buildActionMask = 2147483647;
			files = (
				D2791CD318A2A2DF0043A465 /* MadTagsTests.m in Sources */,
			);
			runOnlyForDeploymentPostprocessing = 0;
		};
/* End PBXSourcesBuildPhase section */

/* Begin PBXTargetDependency section */
		D2791CCB18A2A2DF0043A465 /* PBXTargetDependency */ = {
			isa = PBXTargetDependency;
			target = D2791CA318A2A2DF0043A465 /* MadTags */;
			targetProxy = D2791CCA18A2A2DF0043A465 /* PBXContainerItemProxy */;
		};
/* End PBXTargetDependency section */

/* Begin PBXVariantGroup section */
		D2791CB018A2A2DF0043A465 /* InfoPlist.strings */ = {
			isa = PBXVariantGroup;
			children = (
				D2791CB118A2A2DF0043A465 /* en */,
			);
			name = InfoPlist.strings;
			sourceTree = "<group>";
		};
		D2791CB918A2A2DF0043A465 /* Main.storyboard */ = {
			isa = PBXVariantGroup;
			children = (
				D2791CBA18A2A2DF0043A465 /* Base */,
			);
			name = Main.storyboard;
			sourceTree = "<group>";
		};
		D2791CCF18A2A2DF0043A465 /* InfoPlist.strings */ = {
			isa = PBXVariantGroup;
			children = (
				D2791CD018A2A2DF0043A465 /* en */,
			);
			name = InfoPlist.strings;
			sourceTree = "<group>";
		};
/* End PBXVariantGroup section */

/* Begin XCBuildConfiguration section */
		D2791CD418A2A2DF0043A465 /* Debug */ = {
			isa = XCBuildConfiguration;
			buildSettings = {
				ALWAYS_SEARCH_USER_PATHS = NO;
				ARCHS = "$(ARCHS_STANDARD_INCLUDING_64_BIT)";
				CLANG_CXX_LANGUAGE_STANDARD = "gnu++0x";
				CLANG_CXX_LIBRARY = "libc++";
				CLANG_ENABLE_MODULES = YES;
				CLANG_ENABLE_OBJC_ARC = YES;
				CLANG_WARN_BOOL_CONVERSION = YES;
				CLANG_WARN_CONSTANT_CONVERSION = YES;
				CLANG_WARN_DIRECT_OBJC_ISA_USAGE = YES_ERROR;
				CLANG_WARN_EMPTY_BODY = YES;
				CLANG_WARN_ENUM_CONVERSION = YES;
				CLANG_WARN_INT_CONVERSION = YES;
				CLANG_WARN_OBJC_ROOT_CLASS = YES_ERROR;
				CLANG_WARN__DUPLICATE_METHOD_MATCH = YES;
				"CODE_SIGN_IDENTITY[sdk=iphoneos*]" = "iPhone Developer";
				COPY_PHASE_STRIP = NO;
				GCC_C_LANGUAGE_STANDARD = gnu99;
				GCC_DYNAMIC_NO_PIC = NO;
				GCC_OPTIMIZATION_LEVEL = 0;
				GCC_PREPROCESSOR_DEFINITIONS = (
					"DEBUG=1",
					"$(inherited)",
				);
				GCC_SYMBOLS_PRIVATE_EXTERN = NO;
				GCC_WARN_64_TO_32_BIT_CONVERSION = YES;
				GCC_WARN_ABOUT_RETURN_TYPE = YES_ERROR;
				GCC_WARN_UNDECLARED_SELECTOR = YES;
				GCC_WARN_UNINITIALIZED_AUTOS = YES;
				GCC_WARN_UNUSED_FUNCTION = YES;
				GCC_WARN_UNUSED_VARIABLE = YES;
				IPHONEOS_DEPLOYMENT_TARGET = 7.0;
				ONLY_ACTIVE_ARCH = YES;
				SDKROOT = iphoneos;
			};
			name = Debug;
		};
		D2791CD518A2A2DF0043A465 /* Release */ = {
			isa = XCBuildConfiguration;
			buildSettings = {
				ALWAYS_SEARCH_USER_PATHS = NO;
				ARCHS = "$(ARCHS_STANDARD_INCLUDING_64_BIT)";
				CLANG_CXX_LANGUAGE_STANDARD = "gnu++0x";
				CLANG_CXX_LIBRARY = "libc++";
				CLANG_ENABLE_MODULES = YES;
				CLANG_ENABLE_OBJC_ARC = YES;
				CLANG_WARN_BOOL_CONVERSION = YES;
				CLANG_WARN_CONSTANT_CONVERSION = YES;
				CLANG_WARN_DIRECT_OBJC_ISA_USAGE = YES_ERROR;
				CLANG_WARN_EMPTY_BODY = YES;
				CLANG_WARN_ENUM_CONVERSION = YES;
				CLANG_WARN_INT_CONVERSION = YES;
				CLANG_WARN_OBJC_ROOT_CLASS = YES_ERROR;
				CLANG_WARN__DUPLICATE_METHOD_MATCH = YES;
				"CODE_SIGN_IDENTITY[sdk=iphoneos*]" = "iPhone Developer";
				COPY_PHASE_STRIP = YES;
				ENABLE_NS_ASSERTIONS = NO;
				GCC_C_LANGUAGE_STANDARD = gnu99;
				GCC_WARN_64_TO_32_BIT_CONVERSION = YES;
				GCC_WARN_ABOUT_RETURN_TYPE = YES_ERROR;
				GCC_WARN_UNDECLARED_SELECTOR = YES;
				GCC_WARN_UNINITIALIZED_AUTOS = YES;
				GCC_WARN_UNUSED_FUNCTION = YES;
				GCC_WARN_UNUSED_VARIABLE = YES;
				IPHONEOS_DEPLOYMENT_TARGET = 7.0;
				SDKROOT = iphoneos;
				VALIDATE_PRODUCT = YES;
			};
			name = Release;
		};
		D2791CD718A2A2DF0043A465 /* Debug */ = {
			isa = XCBuildConfiguration;
			buildSettings = {
				ASSETCATALOG_COMPILER_APPICON_NAME = AppIcon;
				ASSETCATALOG_COMPILER_LAUNCHIMAGE_NAME = LaunchImage;
				FRAMEWORK_SEARCH_PATHS = (
					"$(inherited)",
					"$(SRCROOT)/**",
				);
				GCC_PRECOMPILE_PREFIX_HEADER = YES;
				GCC_PREFIX_HEADER = "MadTags/MadTags-Prefix.pch";
				INFOPLIST_FILE = "MadTags/MadTags-Info.plist";
				PRODUCT_NAME = "$(TARGET_NAME)";
				WRAPPER_EXTENSION = app;
			};
			name = Debug;
		};
		D2791CD818A2A2DF0043A465 /* Release */ = {
			isa = XCBuildConfiguration;
			buildSettings = {
				ASSETCATALOG_COMPILER_APPICON_NAME = AppIcon;
				ASSETCATALOG_COMPILER_LAUNCHIMAGE_NAME = LaunchImage;
				FRAMEWORK_SEARCH_PATHS = (
					"$(inherited)",
					"$(SRCROOT)/**",
				);
				GCC_PRECOMPILE_PREFIX_HEADER = YES;
				GCC_PREFIX_HEADER = "MadTags/MadTags-Prefix.pch";
				INFOPLIST_FILE = "MadTags/MadTags-Info.plist";
				PRODUCT_NAME = "$(TARGET_NAME)";
				WRAPPER_EXTENSION = app;
			};
			name = Release;
		};
		D2791CDA18A2A2DF0043A465 /* Debug */ = {
			isa = XCBuildConfiguration;
			buildSettings = {
				ARCHS = "$(ARCHS_STANDARD_INCLUDING_64_BIT)";
				BUNDLE_LOADER = "$(BUILT_PRODUCTS_DIR)/MadTags.app/MadTags";
				FRAMEWORK_SEARCH_PATHS = (
					"$(SDKROOT)/Developer/Library/Frameworks",
					"$(inherited)",
					"$(DEVELOPER_FRAMEWORKS_DIR)",
				);
				GCC_PRECOMPILE_PREFIX_HEADER = YES;
				GCC_PREFIX_HEADER = "MadTags/MadTags-Prefix.pch";
				GCC_PREPROCESSOR_DEFINITIONS = (
					"DEBUG=1",
					"$(inherited)",
				);
				INFOPLIST_FILE = "MadTagsTests/MadTagsTests-Info.plist";
				PRODUCT_NAME = "$(TARGET_NAME)";
				TEST_HOST = "$(BUNDLE_LOADER)";
				WRAPPER_EXTENSION = xctest;
			};
			name = Debug;
		};
		D2791CDB18A2A2DF0043A465 /* Release */ = {
			isa = XCBuildConfiguration;
			buildSettings = {
				ARCHS = "$(ARCHS_STANDARD_INCLUDING_64_BIT)";
				BUNDLE_LOADER = "$(BUILT_PRODUCTS_DIR)/MadTags.app/MadTags";
				FRAMEWORK_SEARCH_PATHS = (
					"$(SDKROOT)/Developer/Library/Frameworks",
					"$(inherited)",
					"$(DEVELOPER_FRAMEWORKS_DIR)",
				);
				GCC_PRECOMPILE_PREFIX_HEADER = YES;
				GCC_PREFIX_HEADER = "MadTags/MadTags-Prefix.pch";
				INFOPLIST_FILE = "MadTagsTests/MadTagsTests-Info.plist";
				PRODUCT_NAME = "$(TARGET_NAME)";
				TEST_HOST = "$(BUNDLE_LOADER)";
				WRAPPER_EXTENSION = xctest;
			};
			name = Release;
		};
/* End XCBuildConfiguration section */

/* Begin XCConfigurationList section */
		D2791C9F18A2A2DF0043A465 /* Build configuration list for PBXProject "MadTags" */ = {
			isa = XCConfigurationList;
			buildConfigurations = (
				D2791CD418A2A2DF0043A465 /* Debug */,
				D2791CD518A2A2DF0043A465 /* Release */,
			);
			defaultConfigurationIsVisible = 0;
			defaultConfigurationName = Release;
		};
		D2791CD618A2A2DF0043A465 /* Build configuration list for PBXNativeTarget "MadTags" */ = {
			isa = XCConfigurationList;
			buildConfigurations = (
				D2791CD718A2A2DF0043A465 /* Debug */,
				D2791CD818A2A2DF0043A465 /* Release */,
			);
			defaultConfigurationIsVisible = 0;
			defaultConfigurationName = Release;
		};
		D2791CD918A2A2DF0043A465 /* Build configuration list for PBXNativeTarget "MadTagsTests" */ = {
			isa = XCConfigurationList;
			buildConfigurations = (
				D2791CDA18A2A2DF0043A465 /* Debug */,
				D2791CDB18A2A2DF0043A465 /* Release */,
			);
			defaultConfigurationIsVisible = 0;
			defaultConfigurationName = Release;
		};
/* End XCConfigurationList section */
	};
	rootObject = D2791C9C18A2A2DF0043A465 /* Project object */;
}
